
Microsoft Visual Studio Solution File, Format Version 12.00
# Visual Studio Version 17
VisualStudioVersion = 17.4.33205.214
MinimumVisualStudioVersion = 10.0.40219.1
Project("{9A19103F-16F7-4668-BE54-9A1E7A4F7556}") = "ZeemWebApi", "ZeemWebApi\ZeemWebApi.csproj", "{2C8ED5DF-98C9-4456-91DF-419096AE32C7}"
EndProject
Project("{9A19103F-16F7-4668-BE54-9A1E7A4F7556}") = "Zeem.DomainContracts", "Zeem.DomainContracts\Zeem.DomainContracts.csproj", "{D7B00FD3-1F24-47E1-82D6-1A64F9549801}"
EndProject
Project("{9A19103F-16F7-4668-BE54-9A1E7A4F7556}") = "Zeem.Data", "Zeem.Data\Zeem.Data.csproj", "{60B235B0-D91C-4F42-86DF-2FC8E5BB2C17}"
EndProject
Project("{9A19103F-16F7-4668-BE54-9A1E7A4F7556}") = "Zeem.Core", "Zeem.Core\Zeem.Core.csproj", "{0B00038A-E12E-42C4-A89B-86C3EEF06FD8}"
EndProject
Project("{FAE04EC0-301F-11D3-BF4B-00C04F79EFBC}") = "Zeem.Service", "Zeem.Service\Zeem.Service.csproj", "{6371CA93-906B-4A36-B140-3590AD398E3A}"
EndProject
Project("{FAE04EC0-301F-11D3-BF4B-00C04F79EFBC}") = "ZeemFacade", "ZeemFacade\ZeemFacade.csproj", "{22FEE8A0-0D89-42F4-9AC2-42B956F37A75}"
EndProject
Global
	GlobalSection(SolutionConfigurationPlatforms) = preSolution
		Debug|Any CPU = Debug|Any CPU
		Release|Any CPU = Release|Any CPU
	EndGlobalSection
	GlobalSection(ProjectConfigurationPlatforms) = postSolution
		{2C8ED5DF-98C9-4456-91DF-419096AE32C7}.Debug|Any CPU.ActiveCfg = Debug|Any CPU
		{2C8ED5DF-98C9-4456-91DF-419096AE32C7}.Debug|Any CPU.Build.0 = Debug|Any CPU
		{2C8ED5DF-98C9-4456-91DF-419096AE32C7}.Release|Any CPU.ActiveCfg = Release|Any CPU
		{2C8ED5DF-98C9-4456-91DF-419096AE32C7}.Release|Any CPU.Build.0 = Release|Any CPU
		{D7B00FD3-1F24-47E1-82D6-1A64F9549801}.Debug|Any CPU.ActiveCfg = Debug|Any CPU
		{D7B00FD3-1F24-47E1-82D6-1A64F9549801}.Debug|Any CPU.Build.0 = Debug|Any CPU
		{D7B00FD3-1F24-47E1-82D6-1A64F9549801}.Release|Any CPU.ActiveCfg = Release|Any CPU
		{D7B00FD3-1F24-47E1-82D6-1A64F9549801}.Release|Any CPU.Build.0 = Release|Any CPU
		{60B235B0-D91C-4F42-86DF-2FC8E5BB2C17}.Debug|Any CPU.ActiveCfg = Debug|Any CPU
		{60B235B0-D91C-4F42-86DF-2FC8E5BB2C17}.Debug|Any CPU.Build.0 = Debug|Any CPU
		{60B235B0-D91C-4F42-86DF-2FC8E5BB2C17}.Release|Any CPU.ActiveCfg = Release|Any CPU
		{60B235B0-D91C-4F42-86DF-2FC8E5BB2C17}.Release|Any CPU.Build.0 = Release|Any CPU
		{0B00038A-E12E-42C4-A89B-86C3EEF06FD8}.Debug|Any CPU.ActiveCfg = Debug|Any CPU
		{0B00038A-E12E-42C4-A89B-86C3EEF06FD8}.Debug|Any CPU.Build.0 = Debug|Any CPU
		{0B00038A-E12E-42C4-A89B-86C3EEF06FD8}.Release|Any CPU.ActiveCfg = Release|Any CPU
		{0B00038A-E12E-42C4-A89B-86C3EEF06FD8}.Release|Any CPU.Build.0 = Release|Any CPU
		{6371CA93-906B-4A36-B140-3590AD398E3A}.Debug|Any CPU.ActiveCfg = Debug|Any CPU
		{6371CA93-906B-4A36-B140-3590AD398E3A}.Debug|Any CPU.Build.0 = Debug|Any CPU
		{6371CA93-906B-4A36-B140-3590AD398E3A}.Release|Any CPU.ActiveCfg = Release|Any CPU
		{6371CA93-906B-4A36-B140-3590AD398E3A}.Release|Any CPU.Build.0 = Release|Any CPU
		{22FEE8A0-0D89-42F4-9AC2-42B956F37A75}.Debug|Any CPU.ActiveCfg = Debug|Any CPU
		{22FEE8A0-0D89-42F4-9AC2-42B956F37A75}.Debug|Any CPU.Build.0 = Debug|Any CPU
		{22FEE8A0-0D89-42F4-9AC2-42B956F37A75}.Release|Any CPU.ActiveCfg = Release|Any CPU
		{22FEE8A0-0D89-42F4-9AC2-42B956F37A75}.Release|Any CPU.Build.0 = Release|Any CPU
	EndGlobalSection
	GlobalSection(SolutionProperties) = preSolution
		HideSolutionNode = FALSE
	EndGlobalSection
	GlobalSection(ExtensibilityGlobals) = postSolution
		SolutionGuid = {8D69C56D-B16D-4175-BE38-D10D3FEAF081}
	EndGlobalSection
EndGlobal
